
Microsoft Visual Studio Solution File, Format Version 12.00
# Visual Studio 15
Project("{FAE04EC0-301F-11D3-BF4B-00C04F79EFBC}") = "Assembly-CSharp", "Assembly-CSharp.csproj", "{B640B62B-B760-79DF-0E4F-64BE2EA8908E}"
EndProject
Project("{FAE04EC0-301F-11D3-BF4B-00C04F79EFBC}") = "Assembly-CSharp-firstpass", "Assembly-CSharp-firstpass.csproj", "{DD83C7B6-6D67-2916-C3D1-2ECDF3AE5D49}"
EndProject
Global
	GlobalSection(SolutionConfigurationPlatforms) = preSolution
		Debug|Any CPU = Debug|Any CPU
		Release|Any CPU = Release|Any CPU
	EndGlobalSection
	GlobalSection(ProjectConfigurationPlatforms) = postSolution
		{B640B62B-B760-79DF-0E4F-64BE2EA8908E}.Debug|Any CPU.ActiveCfg = Debug|Any CPU
		{B640B62B-B760-79DF-0E4F-64BE2EA8908E}.Debug|Any CPU.Build.0 = Debug|Any CPU
		{B640B62B-B760-79DF-0E4F-64BE2EA8908E}.Release|Any CPU.ActiveCfg = Release|Any CPU
		{B640B62B-B760-79DF-0E4F-64BE2EA8908E}.Release|Any CPU.Build.0 = Release|Any CPU
		{DD83C7B6-6D67-2916-C3D1-2ECDF3AE5D49}.Debug|Any CPU.ActiveCfg = Debug|Any CPU
		{DD83C7B6-6D67-2916-C3D1-2ECDF3AE5D49}.Debug|Any CPU.Build.0 = Debug|Any CPU
		{DD83C7B6-6D67-2916-C3D1-2ECDF3AE5D49}.Release|Any CPU.ActiveCfg = Release|Any CPU
		{DD83C7B6-6D67-2916-C3D1-2ECDF3AE5D49}.Release|Any CPU.Build.0 = Release|Any CPU
	EndGlobalSection
	GlobalSection(SolutionProperties) = preSolution
		HideSolutionNode = FALSE
	EndGlobalSection
EndGlobal
